{
  "name": "pipedream-libs",
  "version": "1.0.0",
  "lockfileVersion": 3,
  "requires": true,
  "packages": {
    "": {
      "name": "pipedream-libs",
      "version": "1.0.0",
      "license": "MIT",
      "workspaces": [
        "packages/*"
      ]
    },
    "node_modules/@import-af/monday": {
      "resolved": "packages/monday",
      "link": true
    },
    "node_modules/@import-af/qbo": {
      "resolved": "packages/qbo",
      "link": true
    },
    "node_modules/@import-af/qbo-monday": {
      "resolved": "packages/qbo-monday",
      "link": true
    },
    "packages/monday": {
      "name": "@import-af/monday",
      "version": "1.0.16",
      "license": "MIT",
      "engines": {
        "node": ">=14.0.0"
      }
    },
    "packages/qbo": {
      "name": "@import-af/qbo",
      "version": "1.0.0",
      "license": "MIT",
      "engines": {
        "node": ">=14.0.0"
      }
    },
    "packages/qbo-monday": {
      "name": "@import-af/qbo-monday",
      "version": "1.0.6",
      "license": "MIT",
      "engines": {
        "node": ">=14.0.0"
      }
    }
  }
}
